
Microsoft Visual Studio Solution File, Format Version 12.00
# Visual Studio 15
VisualStudioVersion = 15.0.27004.2008
MinimumVisualStudioVersion = 10.0.40219.1
Project("{FAE04EC0-301F-11D3-BF4B-00C04F79EFBC}") = "DAL", "DAL\DAL.csproj", "{6A3B221E-AF63-40B6-ACC2-116E06A29A05}"
EndProject
Global
	GlobalSection(SolutionConfigurationPlatforms) = preSolution
		Debug|Any CPU = Debug|Any CPU
		Release|Any CPU = Release|Any CPU
	EndGlobalSection
	GlobalSection(ProjectConfigurationPlatforms) = postSolution
		{6A3B221E-AF63-40B6-ACC2-116E06A29A05}.Debug|Any CPU.ActiveCfg = Debug|Any CPU
		{6A3B221E-AF63-40B6-ACC2-116E06A29A05}.Debug|Any CPU.Build.0 = Debug|Any CPU
		{6A3B221E-AF63-40B6-ACC2-116E06A29A05}.Release|Any CPU.ActiveCfg = Release|Any CPU
		{6A3B221E-AF63-40B6-ACC2-116E06A29A05}.Release|Any CPU.Build.0 = Release|Any CPU
	EndGlobalSection
	GlobalSection(SolutionProperties) = preSolution
		HideSolutionNode = FALSE
	EndGlobalSection
	GlobalSection(ExtensibilityGlobals) = postSolution
		SolutionGuid = {B0BA4AF2-A810-4349-B43E-385211D4308B}
	EndGlobalSection
EndGlobal
